
Microsoft Visual Studio Solution File, Format Version 12.00
# Visual Studio 15
VisualStudioVersion = 15.0.27130.2020
MinimumVisualStudioVersion = 10.0.40219.1
Project("{FAE04EC0-301F-11D3-BF4B-00C04F79EFBC}") = "DagensNamnApp.Android", "DagensNamnApp\DagensNamnApp.Android\DagensNamnApp.Android.csproj", "{A7F5DCB4-7B88-46C1-A833-1DF8E961533C}"
EndProject
Project("{FAE04EC0-301F-11D3-BF4B-00C04F79EFBC}") = "DagensNamnApp.iOS", "DagensNamnApp\DagensNamnApp.iOS\DagensNamnApp.iOS.csproj", "{61373E31-14E0-4FFC-B98A-2665C69031EC}"
EndProject
Project("{FAE04EC0-301F-11D3-BF4B-00C04F79EFBC}") = "DagensNamnApp.UWP", "DagensNamnApp\DagensNamnApp.UWP\DagensNamnApp.UWP.csproj", "{64059CBD-80BA-4B9A-8C07-19406F26F24D}"
EndProject
Project("{FAE04EC0-301F-11D3-BF4B-00C04F79EFBC}") = "DagensNamnApp", "DagensNamnApp\DagensNamnApp\DagensNamnApp.csproj", "{53A6DF57-92E0-4AFC-9E78-AAB4BF043F51}"
EndProject
Global
	GlobalSection(SolutionConfigurationPlatforms) = preSolution
		Ad-Hoc|Any CPU = Ad-Hoc|Any CPU
		Ad-Hoc|ARM = Ad-Hoc|ARM
		Ad-Hoc|iPhone = Ad-Hoc|iPhone
		Ad-Hoc|iPhoneSimulator = Ad-Hoc|iPhoneSimulator
		Ad-Hoc|x64 = Ad-Hoc|x64
		Ad-Hoc|x86 = Ad-Hoc|x86
		AppStore|Any CPU = AppStore|Any CPU
		AppStore|ARM = AppStore|ARM
		AppStore|iPhone = AppStore|iPhone
		AppStore|iPhoneSimulator = AppStore|iPhoneSimulator
		AppStore|x64 = AppStore|x64
		AppStore|x86 = AppStore|x86
		Debug|Any CPU = Debug|Any CPU
		Debug|ARM = Debug|ARM
		Debug|iPhone = Debug|iPhone
		Debug|iPhoneSimulator = Debug|iPhoneSimulator
		Debug|x64 = Debug|x64
		Debug|x86 = Debug|x86
		Release|Any CPU = Release|Any CPU
		Release|ARM = Release|ARM
		Release|iPhone = Release|iPhone
		Release|iPhoneSimulator = Release|iPhoneSimulator
		Release|x64 = Release|x64
		Release|x86 = Release|x86
	EndGlobalSection
	GlobalSection(ProjectConfigurationPlatforms) = postSolution
		{A7F5DCB4-7B88-46C1-A833-1DF8E961533C}.Ad-Hoc|Any CPU.ActiveCfg = Release|Any CPU
		{A7F5DCB4-7B88-46C1-A833-1DF8E961533C}.Ad-Hoc|Any CPU.Build.0 = Release|Any CPU
		{A7F5DCB4-7B88-46C1-A833-1DF8E961533C}.Ad-Hoc|Any CPU.Deploy.0 = Release|Any CPU
		{A7F5DCB4-7B88-46C1-A833-1DF8E961533C}.Ad-Hoc|ARM.ActiveCfg = Release|Any CPU
		{A7F5DCB4-7B88-46C1-A833-1DF8E961533C}.Ad-Hoc|ARM.Build.0 = Release|Any CPU
		{A7F5DCB4-7B88-46C1-A833-1DF8E961533C}.Ad-Hoc|ARM.Deploy.0 = Release|Any CPU
		{A7F5DCB4-7B88-46C1-A833-1DF8E961533C}.Ad-Hoc|iPhone.ActiveCfg = Release|Any CPU
		{A7F5DCB4-7B88-46C1-A833-1DF8E961533C}.Ad-Hoc|iPhone.Build.0 = Release|Any CPU
		{A7F5DCB4-7B88-46C1-A833-1DF8E961533C}.Ad-Hoc|iPhone.Deploy.0 = Release|Any CPU
		{A7F5DCB4-7B88-46C1-A833-1DF8E961533C}.Ad-Hoc|iPhoneSimulator.ActiveCfg = Release|Any CPU
		{A7F5DCB4-7B88-46C1-A833-1DF8E961533C}.Ad-Hoc|iPhoneSimulator.Build.0 = Release|Any CPU
		{A7F5DCB4-7B88-46C1-A833-1DF8E961533C}.Ad-Hoc|iPhoneSimulator.Deploy.0 = Release|Any CPU
		{A7F5DCB4-7B88-46C1-A833-1DF8E961533C}.Ad-Hoc|x64.ActiveCfg = Release|Any CPU
		{A7F5DCB4-7B88-46C1-A833-1DF8E961533C}.Ad-Hoc|x64.Build.0 = Release|Any CPU
		{A7F5DCB4-7B88-46C1-A833-1DF8E961533C}.Ad-Hoc|x64.Deploy.0 = Release|Any CPU
		{A7F5DCB4-7B88-46C1-A833-1DF8E961533C}.Ad-Hoc|x86.ActiveCfg = Release|Any CPU
		{A7F5DCB4-7B88-46C1-A833-1DF8E961533C}.Ad-Hoc|x86.Build.0 = Release|Any CPU
		{A7F5DCB4-7B88-46C1-A833-1DF8E961533C}.Ad-Hoc|x86.Deploy.0 = Release|Any CPU
		{A7F5DCB4-7B88-46C1-A833-1DF8E961533C}.AppStore|Any CPU.ActiveCfg = Release|Any CPU
		{A7F5DCB4-7B88-46C1-A833-1DF8E961533C}.AppStore|Any CPU.Build.0 = Release|Any CPU
		{A7F5DCB4-7B88-46C1-A833-1DF8E961533C}.AppStore|Any CPU.Deploy.0 = Release|Any CPU
		{A7F5DCB4-7B88-46C1-A833-1DF8E961533C}.AppStore|ARM.ActiveCfg = Release|Any CPU
		{A7F5DCB4-7B88-46C1-A833-1DF8E961533C}.AppStore|ARM.Build.0 = Release|Any CPU
		{A7F5DCB4-7B88-46C1-A833-1DF8E961533C}.AppStore|ARM.Deploy.0 = Release|Any CPU
		{A7F5DCB4-7B88-46C1-A833-1DF8E961533C}.AppStore|iPhone.ActiveCfg = Release|Any CPU
		{A7F5DCB4-7B88-46C1-A833-1DF8E961533C}.AppStore|iPhone.Build.0 = Release|Any CPU
		{A7F5DCB4-7B88-46C1-A833-1DF8E961533C}.AppStore|iPhone.Deploy.0 = Release|Any CPU
		{A7F5DCB4-7B88-46C1-A833-1DF8E961533C}.AppStore|iPhoneSimulator.ActiveCfg = Release|Any CPU
		{A7F5DCB4-7B88-46C1-A833-1DF8E961533C}.AppStore|iPhoneSimulator.Build.0 = Release|Any CPU
		{A7F5DCB4-7B88-46C1-A833-1DF8E961533C}.AppStore|iPhoneSimulator.Deploy.0 = Release|Any CPU
		{A7F5DCB4-7B88-46C1-A833-1DF8E961533C}.AppStore|x64.ActiveCfg = Release|Any CPU
		{A7F5DCB4-7B88-46C1-A833-1DF8E961533C}.AppStore|x64.Build.0 = Release|Any CPU
		{A7F5DCB4-7B88-46C1-A833-1DF8E961533C}.AppStore|x64.Deploy.0 = Release|Any CPU
		{A7F5DCB4-7B88-46C1-A833-1DF8E961533C}.AppStore|x86.ActiveCfg = Release|Any CPU
		{A7F5DCB4-7B88-46C1-A833-1DF8E961533C}.AppStore|x86.Build.0 = Release|Any CPU
		{A7F5DCB4-7B88-46C1-A833-1DF8E961533C}.AppStore|x86.Deploy.0 = Release|Any CPU
		{A7F5DCB4-7B88-46C1-A833-1DF8E961533C}.Debug|Any CPU.ActiveCfg = Debug|Any CPU
		{A7F5DCB4-7B88-46C1-A833-1DF8E961533C}.Debug|Any CPU.Build.0 = Debug|Any CPU
		{A7F5DCB4-7B88-46C1-A833-1DF8E961533C}.Debug|Any CPU.Deploy.0 = Debug|Any CPU
		{A7F5DCB4-7B88-46C1-A833-1DF8E961533C}.Debug|ARM.ActiveCfg = Debug|Any CPU
		{A7F5DCB4-7B88-46C1-A833-1DF8E961533C}.Debug|ARM.Build.0 = Debug|Any CPU
		{A7F5DCB4-7B88-46C1-A833-1DF8E961533C}.Debug|ARM.Deploy.0 = Debug|Any CPU
		{A7F5DCB4-7B88-46C1-A833-1DF8E961533C}.Debug|iPhone.ActiveCfg = Debug|Any CPU
		{A7F5DCB4-7B88-46C1-A833-1DF8E961533C}.Debug|iPhone.Build.0 = Debug|Any CPU
		{A7F5DCB4-7B88-46C1-A833-1DF8E961533C}.Debug|iPhone.Deploy.0 = Debug|Any CPU
		{A7F5DCB4-7B88-46C1-A833-1DF8E961533C}.Debug|iPhoneSimulator.ActiveCfg = Debug|Any CPU
		{A7F5DCB4-7B88-46C1-A833-1DF8E961533C}.Debug|iPhoneSimulator.Build.0 = Debug|Any CPU
		{A7F5DCB4-7B88-46C1-A833-1DF8E961533C}.Debug|iPhoneSimulator.Deploy.0 = Debug|Any CPU
		{A7F5DCB4-7B88-46C1-A833-1DF8E961533C}.Debug|x64.ActiveCfg = Debug|Any CPU
		{A7F5DCB4-7B88-46C1-A833-1DF8E961533C}.Debug|x64.Build.0 = Debug|Any CPU
		{A7F5DCB4-7B88-46C1-A833-1DF8E961533C}.Debug|x64.Deploy.0 = Debug|Any CPU
		{A7F5DCB4-7B88-46C1-A833-1DF8E961533C}.Debug|x86.ActiveCfg = Debug|Any CPU
		{A7F5DCB4-7B88-46C1-A833-1DF8E961533C}.Debug|x86.Build.0 = Debug|Any CPU
		{A7F5DCB4-7B88-46C1-A833-1DF8E961533C}.Debug|x86.Deploy.0 = Debug|Any CPU
		{A7F5DCB4-7B88-46C1-A833-1DF8E961533C}.Release|Any CPU.ActiveCfg = Release|Any CPU
		{A7F5DCB4-7B88-46C1-A833-1DF8E961533C}.Release|Any CPU.Build.0 = Release|Any CPU
		{A7F5DCB4-7B88-46C1-A833-1DF8E961533C}.Release|Any CPU.Deploy.0 = Release|Any CPU
		{A7F5DCB4-7B88-46C1-A833-1DF8E961533C}.Release|ARM.ActiveCfg = Release|Any CPU
		{A7F5DCB4-7B88-46C1-A833-1DF8E961533C}.Release|ARM.Build.0 = Release|Any CPU
		{A7F5DCB4-7B88-46C1-A833-1DF8E961533C}.Release|ARM.Deploy.0 = Release|Any CPU
		{A7F5DCB4-7B88-46C1-A833-1DF8E961533C}.Release|iPhone.ActiveCfg = Release|Any CPU
		{A7F5DCB4-7B88-46C1-A833-1DF8E961533C}.Release|iPhone.Build.0 = Release|Any CPU
		{A7F5DCB4-7B88-46C1-A833-1DF8E961533C}.Release|iPhone.Deploy.0 = Release|Any CPU
		{A7F5DCB4-7B88-46C1-A833-1DF8E961533C}.Release|iPhoneSimulator.ActiveCfg = Release|Any CPU
		{A7F5DCB4-7B88-46C1-A833-1DF8E961533C}.Release|iPhoneSimulator.Build.0 = Release|Any CPU
		{A7F5DCB4-7B88-46C1-A833-1DF8E961533C}.Release|iPhoneSimulator.Deploy.0 = Release|Any CPU
		{A7F5DCB4-7B88-46C1-A833-1DF8E961533C}.Release|x64.ActiveCfg = Release|Any CPU
		{A7F5DCB4-7B88-46C1-A833-1DF8E961533C}.Release|x64.Build.0 = Release|Any CPU
		{A7F5DCB4-7B88-46C1-A833-1DF8E961533C}.Release|x64.Deploy.0 = Release|Any CPU
		{A7F5DCB4-7B88-46C1-A833-1DF8E961533C}.Release|x86.ActiveCfg = Release|Any CPU
		{A7F5DCB4-7B88-46C1-A833-1DF8E961533C}.Release|x86.Build.0 = Release|Any CPU
		{A7F5DCB4-7B88-46C1-A833-1DF8E961533C}.Release|x86.Deploy.0 = Release|Any CPU
		{61373E31-14E0-4FFC-B98A-2665C69031EC}.Ad-Hoc|Any CPU.ActiveCfg = Ad-Hoc|iPhone
		{61373E31-14E0-4FFC-B98A-2665C69031EC}.Ad-Hoc|ARM.ActiveCfg = Ad-Hoc|iPhone
		{61373E31-14E0-4FFC-B98A-2665C69031EC}.Ad-Hoc|iPhone.ActiveCfg = Ad-Hoc|iPhone
		{61373E31-14E0-4FFC-B98A-2665C69031EC}.Ad-Hoc|iPhone.Build.0 = Ad-Hoc|iPhone
		{61373E31-14E0-4FFC-B98A-2665C69031EC}.Ad-Hoc|iPhoneSimulator.ActiveCfg = Ad-Hoc|iPhoneSimulator
		{61373E31-14E0-4FFC-B98A-2665C69031EC}.Ad-Hoc|iPhoneSimulator.Build.0 = Ad-Hoc|iPhoneSimulator
		{61373E31-14E0-4FFC-B98A-2665C69031EC}.Ad-Hoc|x64.ActiveCfg = Ad-Hoc|iPhone
		{61373E31-14E0-4FFC-B98A-2665C69031EC}.Ad-Hoc|x86.ActiveCfg = Ad-Hoc|iPhone
		{61373E31-14E0-4FFC-B98A-2665C69031EC}.AppStore|Any CPU.ActiveCfg = AppStore|iPhone
		{61373E31-14E0-4FFC-B98A-2665C69031EC}.AppStore|ARM.ActiveCfg = AppStore|iPhone
		{61373E31-14E0-4FFC-B98A-2665C69031EC}.AppStore|iPhone.ActiveCfg = AppStore|iPhone
		{61373E31-14E0-4FFC-B98A-2665C69031EC}.AppStore|iPhone.Build.0 = AppStore|iPhone
		{61373E31-14E0-4FFC-B98A-2665C69031EC}.AppStore|iPhoneSimulator.ActiveCfg = AppStore|iPhoneSimulator
		{61373E31-14E0-4FFC-B98A-2665C69031EC}.AppStore|iPhoneSimulator.Build.0 = AppStore|iPhoneSimulator
		{61373E31-14E0-4FFC-B98A-2665C69031EC}.AppStore|x64.ActiveCfg = AppStore|iPhone
		{61373E31-14E0-4FFC-B98A-2665C69031EC}.AppStore|x86.ActiveCfg = AppStore|iPhone
		{61373E31-14E0-4FFC-B98A-2665C69031EC}.Debug|Any CPU.ActiveCfg = Debug|iPhone
		{61373E31-14E0-4FFC-B98A-2665C69031EC}.Debug|ARM.ActiveCfg = Debug|iPhone
		{61373E31-14E0-4FFC-B98A-2665C69031EC}.Debug|iPhone.ActiveCfg = Debug|iPhone
		{61373E31-14E0-4FFC-B98A-2665C69031EC}.Debug|iPhone.Build.0 = Debug|iPhone
		{61373E31-14E0-4FFC-B98A-2665C69031EC}.Debug|iPhoneSimulator.ActiveCfg = Debug|iPhoneSimulator
		{61373E31-14E0-4FFC-B98A-2665C69031EC}.Debug|iPhoneSimulator.Build.0 = Debug|iPhoneSimulator
		{61373E31-14E0-4FFC-B98A-2665C69031EC}.Debug|x64.ActiveCfg = Debug|iPhone
		{61373E31-14E0-4FFC-B98A-2665C69031EC}.Debug|x86.ActiveCfg = Debug|iPhone
		{61373E31-14E0-4FFC-B98A-2665C69031EC}.Release|Any CPU.ActiveCfg = Release|iPhone
		{61373E31-14E0-4FFC-B98A-2665C69031EC}.Release|ARM.ActiveCfg = Release|iPhone
		{61373E31-14E0-4FFC-B98A-2665C69031EC}.Release|iPhone.ActiveCfg = Release|iPhone
		{61373E31-14E0-4FFC-B98A-2665C69031EC}.Release|iPhone.Build.0 = Release|iPhone
		{61373E31-14E0-4FFC-B98A-2665C69031EC}.Release|iPhoneSimulator.ActiveCfg = Release|iPhoneSimulator
		{61373E31-14E0-4FFC-B98A-2665C69031EC}.Release|iPhoneSimulator.Build.0 = Release|iPhoneSimulator
		{61373E31-14E0-4FFC-B98A-2665C69031EC}.Release|x64.ActiveCfg = Release|iPhone
		{61373E31-14E0-4FFC-B98A-2665C69031EC}.Release|x86.ActiveCfg = Release|iPhone
		{64059CBD-80BA-4B9A-8C07-19406F26F24D}.Ad-Hoc|Any CPU.ActiveCfg = Release|x86
		{64059CBD-80BA-4B9A-8C07-19406F26F24D}.Ad-Hoc|Any CPU.Build.0 = Release|x86
		{64059CBD-80BA-4B9A-8C07-19406F26F24D}.Ad-Hoc|Any CPU.Deploy.0 = Release|x86
		{64059CBD-80BA-4B9A-8C07-19406F26F24D}.Ad-Hoc|ARM.ActiveCfg = Release|ARM
		{64059CBD-80BA-4B9A-8C07-19406F26F24D}.Ad-Hoc|ARM.Build.0 = Release|ARM
		{64059CBD-80BA-4B9A-8C07-19406F26F24D}.Ad-Hoc|ARM.Deploy.0 = Release|ARM
		{64059CBD-80BA-4B9A-8C07-19406F26F24D}.Ad-Hoc|iPhone.ActiveCfg = Release|x86
		{64059CBD-80BA-4B9A-8C07-19406F26F24D}.Ad-Hoc|iPhone.Build.0 = Release|x86
		{64059CBD-80BA-4B9A-8C07-19406F26F24D}.Ad-Hoc|iPhone.Deploy.0 = Release|x86
		{64059CBD-80BA-4B9A-8C07-19406F26F24D}.Ad-Hoc|iPhoneSimulator.ActiveCfg = Release|x86
		{64059CBD-80BA-4B9A-8C07-19406F26F24D}.Ad-Hoc|iPhoneSimulator.Build.0 = Release|x86
		{64059CBD-80BA-4B9A-8C07-19406F26F24D}.Ad-Hoc|iPhoneSimulator.Deploy.0 = Release|x86
		{64059CBD-80BA-4B9A-8C07-19406F26F24D}.Ad-Hoc|x64.ActiveCfg = Release|x64
		{64059CBD-80BA-4B9A-8C07-19406F26F24D}.Ad-Hoc|x64.Build.0 = Release|x64
		{64059CBD-80BA-4B9A-8C07-19406F26F24D}.Ad-Hoc|x64.Deploy.0 = Release|x64
		{64059CBD-80BA-4B9A-8C07-19406F26F24D}.Ad-Hoc|x86.ActiveCfg = Release|x86
		{64059CBD-80BA-4B9A-8C07-19406F26F24D}.Ad-Hoc|x86.Build.0 = Release|x86
		{64059CBD-80BA-4B9A-8C07-19406F26F24D}.Ad-Hoc|x86.Deploy.0 = Release|x86
		{64059CBD-80BA-4B9A-8C07-19406F26F24D}.AppStore|Any CPU.ActiveCfg = Release|x86
		{64059CBD-80BA-4B9A-8C07-19406F26F24D}.AppStore|Any CPU.Build.0 = Release|x86
		{64059CBD-80BA-4B9A-8C07-19406F26F24D}.AppStore|Any CPU.Deploy.0 = Release|x86
		{64059CBD-80BA-4B9A-8C07-19406F26F24D}.AppStore|ARM.ActiveCfg = Release|ARM
		{64059CBD-80BA-4B9A-8C07-19406F26F24D}.AppStore|ARM.Build.0 = Release|ARM
		{64059CBD-80BA-4B9A-8C07-19406F26F24D}.AppStore|ARM.Deploy.0 = Release|ARM
		{64059CBD-80BA-4B9A-8C07-19406F26F24D}.AppStore|iPhone.ActiveCfg = Release|x86
		{64059CBD-80BA-4B9A-8C07-19406F26F24D}.AppStore|iPhone.Build.0 = Release|x86
		{64059CBD-80BA-4B9A-8C07-19406F26F24D}.AppStore|iPhone.Deploy.0 = Release|x86
		{64059CBD-80BA-4B9A-8C07-19406F26F24D}.AppStore|iPhoneSimulator.ActiveCfg = Release|x86
		{64059CBD-80BA-4B9A-8C07-19406F26F24D}.AppStore|iPhoneSimulator.Build.0 = Release|x86
		{64059CBD-80BA-4B9A-8C07-19406F26F24D}.AppStore|iPhoneSimulator.Deploy.0 = Release|x86
		{64059CBD-80BA-4B9A-8C07-19406F26F24D}.AppStore|x64.ActiveCfg = Release|x64
		{64059CBD-80BA-4B9A-8C07-19406F26F24D}.AppStore|x64.Build.0 = Release|x64
		{64059CBD-80BA-4B9A-8C07-19406F26F24D}.AppStore|x64.Deploy.0 = Release|x64
		{64059CBD-80BA-4B9A-8C07-19406F26F24D}.AppStore|x86.ActiveCfg = Release|x86
		{64059CBD-80BA-4B9A-8C07-19406F26F24D}.AppStore|x86.Build.0 = Release|x86
		{64059CBD-80BA-4B9A-8C07-19406F26F24D}.AppStore|x86.Deploy.0 = Release|x86
		{64059CBD-80BA-4B9A-8C07-19406F26F24D}.Debug|Any CPU.ActiveCfg = Debug|x86
		{64059CBD-80BA-4B9A-8C07-19406F26F24D}.Debug|ARM.ActiveCfg = Debug|ARM
		{64059CBD-80BA-4B9A-8C07-19406F26F24D}.Debug|ARM.Build.0 = Debug|ARM
		{64059CBD-80BA-4B9A-8C07-19406F26F24D}.Debug|ARM.Deploy.0 = Debug|ARM
		{64059CBD-80BA-4B9A-8C07-19406F26F24D}.Debug|iPhone.ActiveCfg = Debug|x86
		{64059CBD-80BA-4B9A-8C07-19406F26F24D}.Debug|iPhoneSimulator.ActiveCfg = Debug|x86
		{64059CBD-80BA-4B9A-8C07-19406F26F24D}.Debug|x64.ActiveCfg = Debug|x64
		{64059CBD-80BA-4B9A-8C07-19406F26F24D}.Debug|x64.Build.0 = Debug|x64
		{64059CBD-80BA-4B9A-8C07-19406F26F24D}.Debug|x64.Deploy.0 = Debug|x64
		{64059CBD-80BA-4B9A-8C07-19406F26F24D}.Debug|x86.ActiveCfg = Debug|x86
		{64059CBD-80BA-4B9A-8C07-19406F26F24D}.Debug|x86.Build.0 = Debug|x86
		{64059CBD-80BA-4B9A-8C07-19406F26F24D}.Debug|x86.Deploy.0 = Debug|x86
		{64059CBD-80BA-4B9A-8C07-19406F26F24D}.Release|Any CPU.ActiveCfg = Release|x86
		{64059CBD-80BA-4B9A-8C07-19406F26F24D}.Release|ARM.ActiveCfg = Release|ARM
		{64059CBD-80BA-4B9A-8C07-19406F26F24D}.Release|ARM.Build.0 = Release|ARM
		{64059CBD-80BA-4B9A-8C07-19406F26F24D}.Release|ARM.Deploy.0 = Release|ARM
		{64059CBD-80BA-4B9A-8C07-19406F26F24D}.Release|iPhone.ActiveCfg = Release|x86
		{64059CBD-80BA-4B9A-8C07-19406F26F24D}.Release|iPhoneSimulator.ActiveCfg = Release|x86
		{64059CBD-80BA-4B9A-8C07-19406F26F24D}.Release|x64.ActiveCfg = Release|x64
		{64059CBD-80BA-4B9A-8C07-19406F26F24D}.Release|x64.Build.0 = Release|x64
		{64059CBD-80BA-4B9A-8C07-19406F26F24D}.Release|x64.Deploy.0 = Release|x64
		{64059CBD-80BA-4B9A-8C07-19406F26F24D}.Release|x86.ActiveCfg = Release|x86
		{64059CBD-80BA-4B9A-8C07-19406F26F24D}.Release|x86.Build.0 = Release|x86
		{64059CBD-80BA-4B9A-8C07-19406F26F24D}.Release|x86.Deploy.0 = Release|x86
		{53A6DF57-92E0-4AFC-9E78-AAB4BF043F51}.Ad-Hoc|Any CPU.ActiveCfg = Debug|Any CPU
		{53A6DF57-92E0-4AFC-9E78-AAB4BF043F51}.Ad-Hoc|Any CPU.Build.0 = Debug|Any CPU
		{53A6DF57-92E0-4AFC-9E78-AAB4BF043F51}.Ad-Hoc|ARM.ActiveCfg = Debug|Any CPU
		{53A6DF57-92E0-4AFC-9E78-AAB4BF043F51}.Ad-Hoc|ARM.Build.0 = Debug|Any CPU
		{53A6DF57-92E0-4AFC-9E78-AAB4BF043F51}.Ad-Hoc|iPhone.ActiveCfg = Debug|Any CPU
		{53A6DF57-92E0-4AFC-9E78-AAB4BF043F51}.Ad-Hoc|iPhone.Build.0 = Debug|Any CPU
		{53A6DF57-92E0-4AFC-9E78-AAB4BF043F51}.Ad-Hoc|iPhoneSimulator.ActiveCfg = Debug|Any CPU
		{53A6DF57-92E0-4AFC-9E78-AAB4BF043F51}.Ad-Hoc|iPhoneSimulator.Build.0 = Debug|Any CPU
		{53A6DF57-92E0-4AFC-9E78-AAB4BF043F51}.Ad-Hoc|x64.ActiveCfg = Debug|Any CPU
		{53A6DF57-92E0-4AFC-9E78-AAB4BF043F51}.Ad-Hoc|x64.Build.0 = Debug|Any CPU
		{53A6DF57-92E0-4AFC-9E78-AAB4BF043F51}.Ad-Hoc|x86.ActiveCfg = Debug|Any CPU
		{53A6DF57-92E0-4AFC-9E78-AAB4BF043F51}.Ad-Hoc|x86.Build.0 = Debug|Any CPU
		{53A6DF57-92E0-4AFC-9E78-AAB4BF043F51}.AppStore|Any CPU.ActiveCfg = Debug|Any CPU
		{53A6DF57-92E0-4AFC-9E78-AAB4BF043F51}.AppStore|Any CPU.Build.0 = Debug|Any CPU
		{53A6DF57-92E0-4AFC-9E78-AAB4BF043F51}.AppStore|ARM.ActiveCfg = Debug|Any CPU
		{53A6DF57-92E0-4AFC-9E78-AAB4BF043F51}.AppStore|ARM.Build.0 = Debug|Any CPU
		{53A6DF57-92E0-4AFC-9E78-AAB4BF043F51}.AppStore|iPhone.ActiveCfg = Debug|Any CPU
		{53A6DF57-92E0-4AFC-9E78-AAB4BF043F51}.AppStore|iPhone.Build.0 = Debug|Any CPU
		{53A6DF57-92E0-4AFC-9E78-AAB4BF043F51}.AppStore|iPhoneSimulator.ActiveCfg = Debug|Any CPU
		{53A6DF57-92E0-4AFC-9E78-AAB4BF043F51}.AppStore|iPhoneSimulator.Build.0 = Debug|Any CPU
		{53A6DF57-92E0-4AFC-9E78-AAB4BF043F51}.AppStore|x64.ActiveCfg = Debug|Any CPU
		{53A6DF57-92E0-4AFC-9E78-AAB4BF043F51}.AppStore|x64.Build.0 = Debug|Any CPU
		{53A6DF57-92E0-4AFC-9E78-AAB4BF043F51}.AppStore|x86.ActiveCfg = Debug|Any CPU
		{53A6DF57-92E0-4AFC-9E78-AAB4BF043F51}.AppStore|x86.Build.0 = Debug|Any CPU
		{53A6DF57-92E0-4AFC-9E78-AAB4BF043F51}.Debug|Any CPU.ActiveCfg = Debug|Any CPU
		{53A6DF57-92E0-4AFC-9E78-AAB4BF043F51}.Debug|Any CPU.Build.0 = Debug|Any CPU
		{53A6DF57-92E0-4AFC-9E78-AAB4BF043F51}.Debug|ARM.ActiveCfg = Debug|Any CPU
		{53A6DF57-92E0-4AFC-9E78-AAB4BF043F51}.Debug|ARM.Build.0 = Debug|Any CPU
		{53A6DF57-92E0-4AFC-9E78-AAB4BF043F51}.Debug|iPhone.ActiveCfg = Debug|Any CPU
		{53A6DF57-92E0-4AFC-9E78-AAB4BF043F51}.Debug|iPhone.Build.0 = Debug|Any CPU
		{53A6DF57-92E0-4AFC-9E78-AAB4BF043F51}.Debug|iPhoneSimulator.ActiveCfg = Debug|Any CPU
		{53A6DF57-92E0-4AFC-9E78-AAB4BF043F51}.Debug|iPhoneSimulator.Build.0 = Debug|Any CPU
		{53A6DF57-92E0-4AFC-9E78-AAB4BF043F51}.Debug|x64.ActiveCfg = Debug|Any CPU
		{53A6DF57-92E0-4AFC-9E78-AAB4BF043F51}.Debug|x64.Build.0 = Debug|Any CPU
		{53A6DF57-92E0-4AFC-9E78-AAB4BF043F51}.Debug|x86.ActiveCfg = Debug|Any CPU
		{53A6DF57-92E0-4AFC-9E78-AAB4BF043F51}.Debug|x86.Build.0 = Debug|Any CPU
		{53A6DF57-92E0-4AFC-9E78-AAB4BF043F51}.Release|Any CPU.ActiveCfg = Release|Any CPU
		{53A6DF57-92E0-4AFC-9E78-AAB4BF043F51}.Release|Any CPU.Build.0 = Release|Any CPU
		{53A6DF57-92E0-4AFC-9E78-AAB4BF043F51}.Release|ARM.ActiveCfg = Release|Any CPU
		{53A6DF57-92E0-4AFC-9E78-AAB4BF043F51}.Release|ARM.Build.0 = Release|Any CPU
		{53A6DF57-92E0-4AFC-9E78-AAB4BF043F51}.Release|iPhone.ActiveCfg = Release|Any CPU
		{53A6DF57-92E0-4AFC-9E78-AAB4BF043F51}.Release|iPhone.Build.0 = Release|Any CPU
		{53A6DF57-92E0-4AFC-9E78-AAB4BF043F51}.Release|iPhoneSimulator.ActiveCfg = Release|Any CPU
		{53A6DF57-92E0-4AFC-9E78-AAB4BF043F51}.Release|iPhoneSimulator.Build.0 = Release|Any CPU
		{53A6DF57-92E0-4AFC-9E78-AAB4BF043F51}.Release|x64.ActiveCfg = Release|Any CPU
		{53A6DF57-92E0-4AFC-9E78-AAB4BF043F51}.Release|x64.Build.0 = Release|Any CPU
		{53A6DF57-92E0-4AFC-9E78-AAB4BF043F51}.Release|x86.ActiveCfg = Release|Any CPU
		{53A6DF57-92E0-4AFC-9E78-AAB4BF043F51}.Release|x86.Build.0 = Release|Any CPU
	EndGlobalSection
	GlobalSection(SolutionProperties) = preSolution
		HideSolutionNode = FALSE
	EndGlobalSection
	GlobalSection(ExtensibilityGlobals) = postSolution
		SolutionGuid = {FEB196E6-272E-4FD8-9FD1-3ABE7A896E43}
	EndGlobalSection
EndGlobal
